
Microsoft Visual Studio Solution File, Format Version 12.00
# Visual Studio Version 17
VisualStudioVersion = 17.9.34728.123
MinimumVisualStudioVersion = 10.0.40219.1
Project("{FAE04EC0-301F-11D3-BF4B-00C04F79EFBC}") = "WebAPI", "WebAPI\WebAPI.csproj", "{34A11187-E2D7-483A-9509-E64AFCF3A537}"
EndProject
Project("{FAE04EC0-301F-11D3-BF4B-00C04F79EFBC}") = "WebAPI2", "WebAPI2\WebAPI2.csproj", "{8BC3300C-40AF-4CCF-9874-994937053E57}"
EndProject
Global
	GlobalSection(SolutionConfigurationPlatforms) = preSolution
		Debug|Any CPU = Debug|Any CPU
		Release|Any CPU = Release|Any CPU
	EndGlobalSection
	GlobalSection(ProjectConfigurationPlatforms) = postSolution
		{34A11187-E2D7-483A-9509-E64AFCF3A537}.Debug|Any CPU.ActiveCfg = Debug|Any CPU
		{34A11187-E2D7-483A-9509-E64AFCF3A537}.Debug|Any CPU.Build.0 = Debug|Any CPU
		{34A11187-E2D7-483A-9509-E64AFCF3A537}.Release|Any CPU.ActiveCfg = Release|Any CPU
		{34A11187-E2D7-483A-9509-E64AFCF3A537}.Release|Any CPU.Build.0 = Release|Any CPU
		{8BC3300C-40AF-4CCF-9874-994937053E57}.Debug|Any CPU.ActiveCfg = Debug|Any CPU
		{8BC3300C-40AF-4CCF-9874-994937053E57}.Debug|Any CPU.Build.0 = Debug|Any CPU
		{8BC3300C-40AF-4CCF-9874-994937053E57}.Release|Any CPU.ActiveCfg = Release|Any CPU
		{8BC3300C-40AF-4CCF-9874-994937053E57}.Release|Any CPU.Build.0 = Release|Any CPU
	EndGlobalSection
	GlobalSection(SolutionProperties) = preSolution
		HideSolutionNode = FALSE
	EndGlobalSection
	GlobalSection(ExtensibilityGlobals) = postSolution
		SolutionGuid = {D5C7319C-44C4-4137-9E0F-B4BDCF1C1AB7}
	EndGlobalSection
EndGlobal
